
Microsoft Visual Studio Solution File, Format Version 12.00
# Visual Studio Version 17
VisualStudioVersion = 17.0.31903.59
MinimumVisualStudioVersion = 10.0.40219.1
Project("{FAE04EC0-301F-11D3-BF4B-00C04F79EFBC}") = "PaymentContext.Domain", "PaymentContext.Domain\PaymentContext.Domain.csproj", "{99CC7F7B-ADEA-4D29-94E8-9EAD89CEEE4B}"
EndProject
Project("{FAE04EC0-301F-11D3-BF4B-00C04F79EFBC}") = "PaymentContext.Shared", "PaymentContext.Shared\PaymentContext.Shared.csproj", "{428F0972-C2AF-46CC-A933-6924543A99BA}"
EndProject
Project("{FAE04EC0-301F-11D3-BF4B-00C04F79EFBC}") = "PaymentContext.Tests", "PaymentContext.Tests\PaymentContext.Tests.csproj", "{27661E6A-8E3D-4EFC-944A-4661C22EAA09}"
EndProject
Global
	GlobalSection(SolutionConfigurationPlatforms) = preSolution
		Debug|Any CPU = Debug|Any CPU
		Release|Any CPU = Release|Any CPU
	EndGlobalSection
	GlobalSection(SolutionProperties) = preSolution
		HideSolutionNode = FALSE
	EndGlobalSection
	GlobalSection(ProjectConfigurationPlatforms) = postSolution
		{99CC7F7B-ADEA-4D29-94E8-9EAD89CEEE4B}.Debug|Any CPU.ActiveCfg = Debug|Any CPU
		{99CC7F7B-ADEA-4D29-94E8-9EAD89CEEE4B}.Debug|Any CPU.Build.0 = Debug|Any CPU
		{99CC7F7B-ADEA-4D29-94E8-9EAD89CEEE4B}.Release|Any CPU.ActiveCfg = Release|Any CPU
		{99CC7F7B-ADEA-4D29-94E8-9EAD89CEEE4B}.Release|Any CPU.Build.0 = Release|Any CPU
		{428F0972-C2AF-46CC-A933-6924543A99BA}.Debug|Any CPU.ActiveCfg = Debug|Any CPU
		{428F0972-C2AF-46CC-A933-6924543A99BA}.Debug|Any CPU.Build.0 = Debug|Any CPU
		{428F0972-C2AF-46CC-A933-6924543A99BA}.Release|Any CPU.ActiveCfg = Release|Any CPU
		{428F0972-C2AF-46CC-A933-6924543A99BA}.Release|Any CPU.Build.0 = Release|Any CPU
		{27661E6A-8E3D-4EFC-944A-4661C22EAA09}.Debug|Any CPU.ActiveCfg = Debug|Any CPU
		{27661E6A-8E3D-4EFC-944A-4661C22EAA09}.Debug|Any CPU.Build.0 = Debug|Any CPU
		{27661E6A-8E3D-4EFC-944A-4661C22EAA09}.Release|Any CPU.ActiveCfg = Release|Any CPU
		{27661E6A-8E3D-4EFC-944A-4661C22EAA09}.Release|Any CPU.Build.0 = Release|Any CPU
	EndGlobalSection
EndGlobal
